
Microsoft Visual Studio Solution File, Format Version 12.00
Project("{FAE04EC0-301F-11D3-BF4B-00C04F79EFBC}") = "ADSBLookup", "ADSBLookup\ADSBLookup.csproj", "{89DAE865-D4CF-4290-A4E5-03F47DD68B66}"
EndProject
Project("{FAE04EC0-301F-11D3-BF4B-00C04F79EFBC}") = "UnitTests", "UnitTests\UnitTests.csproj", "{A124A1AB-5ED1-4BBE-BAB1-4598AB01B6A7}"
EndProject
Project("{FAE04EC0-301F-11D3-BF4B-00C04F79EFBC}") = "Coordinator", "Coordinator\Coordinator.csproj", "{C86762DD-E5A7-4CD5-AFFC-F1F7BEBFD270}"
EndProject
Project("{FAE04EC0-301F-11D3-BF4B-00C04F79EFBC}") = "PlaneTrackerConsole", "PlaneTrackerConsole\PlaneTrackerConsole.csproj", "{97B39CE3-86F6-45DE-A23A-DD91CB4D565D}"
EndProject
Global
	GlobalSection(SolutionConfigurationPlatforms) = preSolution
		Debug|Any CPU = Debug|Any CPU
		Release|Any CPU = Release|Any CPU
	EndGlobalSection
	GlobalSection(ProjectConfigurationPlatforms) = postSolution
		{89DAE865-D4CF-4290-A4E5-03F47DD68B66}.Debug|Any CPU.ActiveCfg = Debug|Any CPU
		{89DAE865-D4CF-4290-A4E5-03F47DD68B66}.Debug|Any CPU.Build.0 = Debug|Any CPU
		{89DAE865-D4CF-4290-A4E5-03F47DD68B66}.Release|Any CPU.ActiveCfg = Release|Any CPU
		{89DAE865-D4CF-4290-A4E5-03F47DD68B66}.Release|Any CPU.Build.0 = Release|Any CPU
		{A124A1AB-5ED1-4BBE-BAB1-4598AB01B6A7}.Debug|Any CPU.ActiveCfg = Debug|Any CPU
		{A124A1AB-5ED1-4BBE-BAB1-4598AB01B6A7}.Debug|Any CPU.Build.0 = Debug|Any CPU
		{A124A1AB-5ED1-4BBE-BAB1-4598AB01B6A7}.Release|Any CPU.ActiveCfg = Release|Any CPU
		{A124A1AB-5ED1-4BBE-BAB1-4598AB01B6A7}.Release|Any CPU.Build.0 = Release|Any CPU
		{C86762DD-E5A7-4CD5-AFFC-F1F7BEBFD270}.Debug|Any CPU.ActiveCfg = Debug|Any CPU
		{C86762DD-E5A7-4CD5-AFFC-F1F7BEBFD270}.Debug|Any CPU.Build.0 = Debug|Any CPU
		{C86762DD-E5A7-4CD5-AFFC-F1F7BEBFD270}.Release|Any CPU.ActiveCfg = Release|Any CPU
		{C86762DD-E5A7-4CD5-AFFC-F1F7BEBFD270}.Release|Any CPU.Build.0 = Release|Any CPU
		{97B39CE3-86F6-45DE-A23A-DD91CB4D565D}.Debug|Any CPU.ActiveCfg = Debug|Any CPU
		{97B39CE3-86F6-45DE-A23A-DD91CB4D565D}.Debug|Any CPU.Build.0 = Debug|Any CPU
		{97B39CE3-86F6-45DE-A23A-DD91CB4D565D}.Release|Any CPU.ActiveCfg = Release|Any CPU
		{97B39CE3-86F6-45DE-A23A-DD91CB4D565D}.Release|Any CPU.Build.0 = Release|Any CPU
	EndGlobalSection
EndGlobal
